<Solution>
  <Project Path="Navigator.Api/Navigator.Api.csproj" />
  <Project Path="Navigator.Daemon/Navigator.Daemon.csproj" />
  <Project Path="Navigator.Data/Navigator.Data.csproj" />
  <Project Path="Navigator.Observability/Navigator.Observability.csproj" />
  <Project Path="Navigator.Preflight/Navigator.Preflight.csproj" />
</Solution>
