
Microsoft Visual Studio Solution File, Format Version 12.00
Project("{FAE04EC0-301F-11D3-BF4B-00C04F79EFBC}") = "stations", "stations.csproj", "{FD1011D7-87EC-4145-BB20-48640F090241}"
EndProject
Global
	GlobalSection(SolutionConfigurationPlatforms) = preSolution
		Debug|Any CPU = Debug|Any CPU
		Release|Any CPU = Release|Any CPU
	EndGlobalSection
	GlobalSection(ProjectConfigurationPlatforms) = postSolution
		{FD1011D7-87EC-4145-BB20-48640F090241}.Debug|Any CPU.ActiveCfg = Debug|Any CPU
		{FD1011D7-87EC-4145-BB20-48640F090241}.Debug|Any CPU.Build.0 = Debug|Any CPU
		{FD1011D7-87EC-4145-BB20-48640F090241}.Release|Any CPU.ActiveCfg = Release|Any CPU
		{FD1011D7-87EC-4145-BB20-48640F090241}.Release|Any CPU.Build.0 = Release|Any CPU
	EndGlobalSection
EndGlobal
